
Microsoft Visual Studio Solution File, Format Version 12.00
# Visual Studio Version 17
VisualStudioVersion = 17.2.32616.157
MinimumVisualStudioVersion = 10.0.40219.1
Project("{FAE04EC0-301F-11D3-BF4B-00C04F79EFBC}") = "BeeAssessmentPart2", "BeeAssessmentPart2\BeeAssessmentPart2.csproj", "{673C9DAD-2EBD-46D1-BD10-F74C3751A781}"
EndProject
Global
	GlobalSection(SolutionConfigurationPlatforms) = preSolution
		Debug|Any CPU = Debug|Any CPU
		Release|Any CPU = Release|Any CPU
	EndGlobalSection
	GlobalSection(ProjectConfigurationPlatforms) = postSolution
		{673C9DAD-2EBD-46D1-BD10-F74C3751A781}.Debug|Any CPU.ActiveCfg = Debug|Any CPU
		{673C9DAD-2EBD-46D1-BD10-F74C3751A781}.Debug|Any CPU.Build.0 = Debug|Any CPU
		{673C9DAD-2EBD-46D1-BD10-F74C3751A781}.Release|Any CPU.ActiveCfg = Release|Any CPU
		{673C9DAD-2EBD-46D1-BD10-F74C3751A781}.Release|Any CPU.Build.0 = Release|Any CPU
	EndGlobalSection
	GlobalSection(SolutionProperties) = preSolution
		HideSolutionNode = FALSE
	EndGlobalSection
	GlobalSection(ExtensibilityGlobals) = postSolution
		SolutionGuid = {BD1E37CD-F544-47D4-87B7-DE0A07185E53}
	EndGlobalSection
EndGlobal
